{
  "object": {
    "pins": [
      {
        "package": "FingerprintPro",
        "repositoryURL": "https://github.com/fingerprintjs/fingerprintjs-pro-ios",
        "state": {
          "branch": null,
          "revision": "0114c46145c12ccb71046f82e7b837313a7980b8",
          "version": "2.4.0"
        }
      }
    ]
  },
  "version": 1
}
