{
  "pins" : [
    {
      "identity" : "fingerprintjs-pro-ios",
      "kind" : "remoteSourceControl",
      "location" : "https://github.com/fingerprintjs/fingerprintjs-pro-ios",
      "state" : {
        "revision" : "e469a1dc0093b53b7b796219326f0a5e53fb32a2",
        "version" : "2.3.2"
      }
    }
  ],
  "version" : 2
}
